
Microsoft Visual Studio Solution File, Format Version 12.00
# Visual Studio Version 16
VisualStudioVersion = 16.0.30204.135
MinimumVisualStudioVersion = 10.0.40219.1
Project("{9A19103F-16F7-4668-BE54-9A1E7A4F7556}") = "VIPPAC.Services", "VIPPAC.Services\VIPPAC.Services.csproj", "{96EBDEDC-9539-4224-BB1C-60C72A8A32FD}"
EndProject
Project("{2150E333-8FDC-42A3-9474-1A3956D46DE8}") = "1.Services", "1.Services", "{10B2E149-32F3-40EF-A28B-64A4DF72D006}"
EndProject
Project("{2150E333-8FDC-42A3-9474-1A3956D46DE8}") = "2.Infrastructure", "2.Infrastructure", "{6EEA5060-0AD6-45DB-9DB3-F70CEC2F3F29}"
EndProject
Project("{2150E333-8FDC-42A3-9474-1A3956D46DE8}") = "3.Business", "3.Business", "{2A924FF0-084D-4397-9ADF-749860B8FBD3}"
EndProject
Project("{2150E333-8FDC-42A3-9474-1A3956D46DE8}") = "4.Crosscuttings", "4.Crosscuttings", "{0C6BFAF6-F3D0-4B0E-8CF8-67BCF030F5B9}"
EndProject
Project("{2150E333-8FDC-42A3-9474-1A3956D46DE8}") = "5.Test", "5.Test", "{0E637A2D-4808-4E8E-AB92-33617A5E65AD}"
EndProject
Project("{9A19103F-16F7-4668-BE54-9A1E7A4F7556}") = "VIPPAC.DataAccess", "VIPPAC.DataAccess\VIPPAC.DataAccess.csproj", "{88FE9C7D-E0EB-41FF-AB45-49FF5FB6B7DC}"
EndProject
Project("{9A19103F-16F7-4668-BE54-9A1E7A4F7556}") = "VIPPAC.ExternalServices", "VIPPAC.ExternalServices\VIPPAC.ExternalServices.csproj", "{07851B8E-C1C1-480F-85BA-F221A41CCCDE}"
EndProject
Project("{9A19103F-16F7-4668-BE54-9A1E7A4F7556}") = "VIPPAC.Business", "VIPPAC.Business\VIPPAC.Business.csproj", "{386FB24C-C654-4739-9D86-6894BEDB76AD}"
EndProject
Project("{9A19103F-16F7-4668-BE54-9A1E7A4F7556}") = "VIPPAC.Contracts", "VIPPAC.Contracts\VIPPAC.Contracts.csproj", "{A78913AD-5D1E-4090-BC1A-DE217254DFFC}"
EndProject
Project("{9A19103F-16F7-4668-BE54-9A1E7A4F7556}") = "VIPPAC.Entities", "VIPPAC.Entities\VIPPAC.Entities.csproj", "{F167D4CC-A1B6-45E5-B9FE-1FB18C0E91B8}"
EndProject
Project("{9A19103F-16F7-4668-BE54-9A1E7A4F7556}") = "VIPPAC.Utils", "VIPPAC.Utils\VIPPAC.Utils.csproj", "{0BAFC69A-F690-4422-B47B-BBC6125AA958}"
EndProject
Project("{9A19103F-16F7-4668-BE54-9A1E7A4F7556}") = "VIPPAC.UnitedTest", "VIPPAC.UnitedTest\VIPPAC.UnitedTest.csproj", "{A2F42580-9D24-461F-88DA-B2A78F9F45A8}"
EndProject
Project("{2150E333-8FDC-42A3-9474-1A3956D46DE8}") = "Solution Items", "Solution Items", "{47DE0E41-196B-40C3-A396-D0BDCD27521E}"
	ProjectSection(SolutionItems) = preProject
		.editorconfig = .editorconfig
	EndProjectSection
EndProject
Global
	GlobalSection(SolutionConfigurationPlatforms) = preSolution
		Debug|Any CPU = Debug|Any CPU
		Release|Any CPU = Release|Any CPU
	EndGlobalSection
	GlobalSection(ProjectConfigurationPlatforms) = postSolution
		{96EBDEDC-9539-4224-BB1C-60C72A8A32FD}.Debug|Any CPU.ActiveCfg = Debug|Any CPU
		{96EBDEDC-9539-4224-BB1C-60C72A8A32FD}.Debug|Any CPU.Build.0 = Debug|Any CPU
		{96EBDEDC-9539-4224-BB1C-60C72A8A32FD}.Release|Any CPU.ActiveCfg = Release|Any CPU
		{96EBDEDC-9539-4224-BB1C-60C72A8A32FD}.Release|Any CPU.Build.0 = Release|Any CPU
		{88FE9C7D-E0EB-41FF-AB45-49FF5FB6B7DC}.Debug|Any CPU.ActiveCfg = Debug|Any CPU
		{88FE9C7D-E0EB-41FF-AB45-49FF5FB6B7DC}.Debug|Any CPU.Build.0 = Debug|Any CPU
		{88FE9C7D-E0EB-41FF-AB45-49FF5FB6B7DC}.Release|Any CPU.ActiveCfg = Release|Any CPU
		{88FE9C7D-E0EB-41FF-AB45-49FF5FB6B7DC}.Release|Any CPU.Build.0 = Release|Any CPU
		{07851B8E-C1C1-480F-85BA-F221A41CCCDE}.Debug|Any CPU.ActiveCfg = Debug|Any CPU
		{07851B8E-C1C1-480F-85BA-F221A41CCCDE}.Debug|Any CPU.Build.0 = Debug|Any CPU
		{07851B8E-C1C1-480F-85BA-F221A41CCCDE}.Release|Any CPU.ActiveCfg = Release|Any CPU
		{07851B8E-C1C1-480F-85BA-F221A41CCCDE}.Release|Any CPU.Build.0 = Release|Any CPU
		{386FB24C-C654-4739-9D86-6894BEDB76AD}.Debug|Any CPU.ActiveCfg = Debug|Any CPU
		{386FB24C-C654-4739-9D86-6894BEDB76AD}.Debug|Any CPU.Build.0 = Debug|Any CPU
		{386FB24C-C654-4739-9D86-6894BEDB76AD}.Release|Any CPU.ActiveCfg = Release|Any CPU
		{386FB24C-C654-4739-9D86-6894BEDB76AD}.Release|Any CPU.Build.0 = Release|Any CPU
		{A78913AD-5D1E-4090-BC1A-DE217254DFFC}.Debug|Any CPU.ActiveCfg = Debug|Any CPU
		{A78913AD-5D1E-4090-BC1A-DE217254DFFC}.Debug|Any CPU.Build.0 = Debug|Any CPU
		{A78913AD-5D1E-4090-BC1A-DE217254DFFC}.Release|Any CPU.ActiveCfg = Release|Any CPU
		{A78913AD-5D1E-4090-BC1A-DE217254DFFC}.Release|Any CPU.Build.0 = Release|Any CPU
		{F167D4CC-A1B6-45E5-B9FE-1FB18C0E91B8}.Debug|Any CPU.ActiveCfg = Debug|Any CPU
		{F167D4CC-A1B6-45E5-B9FE-1FB18C0E91B8}.Debug|Any CPU.Build.0 = Debug|Any CPU
		{F167D4CC-A1B6-45E5-B9FE-1FB18C0E91B8}.Release|Any CPU.ActiveCfg = Release|Any CPU
		{F167D4CC-A1B6-45E5-B9FE-1FB18C0E91B8}.Release|Any CPU.Build.0 = Release|Any CPU
		{0BAFC69A-F690-4422-B47B-BBC6125AA958}.Debug|Any CPU.ActiveCfg = Debug|Any CPU
		{0BAFC69A-F690-4422-B47B-BBC6125AA958}.Debug|Any CPU.Build.0 = Debug|Any CPU
		{0BAFC69A-F690-4422-B47B-BBC6125AA958}.Release|Any CPU.ActiveCfg = Release|Any CPU
		{0BAFC69A-F690-4422-B47B-BBC6125AA958}.Release|Any CPU.Build.0 = Release|Any CPU
		{A2F42580-9D24-461F-88DA-B2A78F9F45A8}.Debug|Any CPU.ActiveCfg = Debug|Any CPU
		{A2F42580-9D24-461F-88DA-B2A78F9F45A8}.Debug|Any CPU.Build.0 = Debug|Any CPU
		{A2F42580-9D24-461F-88DA-B2A78F9F45A8}.Release|Any CPU.ActiveCfg = Release|Any CPU
		{A2F42580-9D24-461F-88DA-B2A78F9F45A8}.Release|Any CPU.Build.0 = Release|Any CPU
	EndGlobalSection
	GlobalSection(SolutionProperties) = preSolution
		HideSolutionNode = FALSE
	EndGlobalSection
	GlobalSection(NestedProjects) = preSolution
		{96EBDEDC-9539-4224-BB1C-60C72A8A32FD} = {10B2E149-32F3-40EF-A28B-64A4DF72D006}
		{88FE9C7D-E0EB-41FF-AB45-49FF5FB6B7DC} = {6EEA5060-0AD6-45DB-9DB3-F70CEC2F3F29}
		{07851B8E-C1C1-480F-85BA-F221A41CCCDE} = {6EEA5060-0AD6-45DB-9DB3-F70CEC2F3F29}
		{386FB24C-C654-4739-9D86-6894BEDB76AD} = {2A924FF0-084D-4397-9ADF-749860B8FBD3}
		{A78913AD-5D1E-4090-BC1A-DE217254DFFC} = {0C6BFAF6-F3D0-4B0E-8CF8-67BCF030F5B9}
		{F167D4CC-A1B6-45E5-B9FE-1FB18C0E91B8} = {0C6BFAF6-F3D0-4B0E-8CF8-67BCF030F5B9}
		{0BAFC69A-F690-4422-B47B-BBC6125AA958} = {0C6BFAF6-F3D0-4B0E-8CF8-67BCF030F5B9}
		{A2F42580-9D24-461F-88DA-B2A78F9F45A8} = {0E637A2D-4808-4E8E-AB92-33617A5E65AD}
	EndGlobalSection
	GlobalSection(ExtensibilityGlobals) = postSolution
		SolutionGuid = {EE3BF494-9C82-4A42-9AF0-CD9ED9B2AC78}
	EndGlobalSection
EndGlobal
